# This file is autogenerated, do not edit; changes may be undone by the next 'dep ensure'.


[[projects]]
  branch = "master"
  name = "github.com/nfnt/resize"
  packages = ["."]
  revision = "891127d8d1b52734debe1b3c3d7e747502b6c366"

[[projects]]
  branch = "go1"
  name = "github.com/rwcarlsen/goexif"
  packages = ["exif","tiff"]
  revision = "709fab3d192d7c62f86043caff1e7e3fb0f42bd8"

[solve-meta]
  analyzer-name = "dep"
  analyzer-version = 1
  inputs-digest = "6366650765fa5c0b97c2e93014efe93785c6c05873ff8ad88382e0f51f3458e3"
  solver-name = "gps-cdcl"
  solver-version = 1
